
Microsoft Visual Studio Solution File, Format Version 12.00
# Visual Studio Version 16
VisualStudioVersion = 16.0.30804.86
MinimumVisualStudioVersion = 10.0.40219.1
Project("{8BC9CEB8-8B4A-11D0-8D11-00A0C91BC942}") = "TheTruth", "TheTruth\TheTruth.vcxproj", "{7E552D62-DCF8-408B-A017-BC3AA5A4EC19}"
EndProject
Project("{8BC9CEB8-8B4A-11D0-8D11-00A0C91BC942}") = "SheetsApiTest", "SheetsApiTest\SheetsApiTest.vcxproj", "{A323A6AB-255C-4ADE-B6C8-C4092BA8BB6F}"
EndProject
Global
	GlobalSection(SolutionConfigurationPlatforms) = preSolution
		Debug|x64 = Debug|x64
		Release|x64 = Release|x64
	EndGlobalSection
	GlobalSection(ProjectConfigurationPlatforms) = postSolution
		{7E552D62-DCF8-408B-A017-BC3AA5A4EC19}.Debug|x64.ActiveCfg = Debug|x64
		{7E552D62-DCF8-408B-A017-BC3AA5A4EC19}.Debug|x64.Build.0 = Debug|x64
		{7E552D62-DCF8-408B-A017-BC3AA5A4EC19}.Release|x64.ActiveCfg = Release|x64
		{7E552D62-DCF8-408B-A017-BC3AA5A4EC19}.Release|x64.Build.0 = Release|x64
		{A323A6AB-255C-4ADE-B6C8-C4092BA8BB6F}.Debug|x64.ActiveCfg = Debug|x64
		{A323A6AB-255C-4ADE-B6C8-C4092BA8BB6F}.Debug|x64.Build.0 = Debug|x64
		{A323A6AB-255C-4ADE-B6C8-C4092BA8BB6F}.Release|x64.ActiveCfg = Release|x64
		{A323A6AB-255C-4ADE-B6C8-C4092BA8BB6F}.Release|x64.Build.0 = Release|x64
	EndGlobalSection
	GlobalSection(SolutionProperties) = preSolution
		HideSolutionNode = FALSE
	EndGlobalSection
	GlobalSection(ExtensibilityGlobals) = postSolution
		SolutionGuid = {2BED4AD9-2F9E-4BFA-B4A2-CB2E425298F0}
	EndGlobalSection
EndGlobal
